// !$*UTF8*$!
{
	archiveVersion = 1;
	classes = {
	};
	objectVersion = 50;
	objects = {

/* Begin PBXBuildFile section */
		84606BCB2503F8FB0013BDDF /* AppDelegate.swift in Sources */ = {isa = PBXBuildFile; fileRef = 84606BCA2503F8FB0013BDDF /* AppDelegate.swift */; };
		84606BCD2503F8FB0013BDDF /* SceneDelegate.swift in Sources */ = {isa = PBXBuildFile; fileRef = 84606BCC2503F8FB0013BDDF /* SceneDelegate.swift */; };
		84606BCF2503F8FB0013BDDF /* ViewController.swift in Sources */ = {isa = PBXBuildFile; fileRef = 84606BCE2503F8FB0013BDDF /* ViewController.swift */; };
		84606BD22503F8FB0013BDDF /* Main.storyboard in Resources */ = {isa = PBXBuildFile; fileRef = 84606BD02503F8FB0013BDDF /* Main.storyboard */; };
		84606BD42503F8FB0013BDDF /* Assets.xcassets in Resources */ = {isa = PBXBuildFile; fileRef = 84606BD32503F8FB0013BDDF /* Assets.xcassets */; };
		84606BD72503F8FB0013BDDF /* LaunchScreen.storyboard in Resources */ = {isa = PBXBuildFile; fileRef = 84606BD52503F8FB0013BDDF /* LaunchScreen.storyboard */; };
		84606BE22503F8FC0013BDDF /* TinderCloneTests.swift in Sources */ = {isa = PBXBuildFile; fileRef = 84606BE12503F8FC0013BDDF /* TinderCloneTests.swift */; };
		84609430250493A4008CF3B1 /* LaunchScreenViewController.swift in Sources */ = {isa = PBXBuildFile; fileRef = 8460942F250493A4008CF3B1 /* LaunchScreenViewController.swift */; };
/* End PBXBuildFile section */

/* Begin PBXContainerItemProxy section */
		84606BDE2503F8FC0013BDDF /* PBXContainerItemProxy */ = {
			isa = PBXContainerItemProxy;
			containerPortal = 84606BBF2503F8FB0013BDDF /* Project object */;
			proxyType = 1;
			remoteGlobalIDString = 84606BC62503F8FB0013BDDF;
			remoteInfo = TinderClone;
		};
/* End PBXContainerItemProxy section */

/* Begin PBXFileReference section */
		84606BC72503F8FB0013BDDF /* TinderClone.app */ = {isa = PBXFileReference; explicitFileType = wrapper.application; includeInIndex = 0; path = TinderClone.app; sourceTree = BUILT_PRODUCTS_DIR; };
		84606BCA2503F8FB0013BDDF /* AppDelegate.swift */ = {isa = PBXFileReference; lastKnownFileType = sourcecode.swift; path = AppDelegate.swift; sourceTree = "<group>"; };
		84606BCC2503F8FB0013BDDF /* SceneDelegate.swift */ = {isa = PBXFileReference; lastKnownFileType = sourcecode.swift; path = SceneDelegate.swift; sourceTree = "<group>"; };
		84606BCE2503F8FB0013BDDF /* ViewController.swift */ = {isa = PBXFileReference; lastKnownFileType = sourcecode.swift; path = ViewController.swift; sourceTree = "<group>"; };
		84606BD12503F8FB0013BDDF /* Base */ = {isa = PBXFileReference; lastKnownFileType = file.storyboard; name = Base; path = Base.lproj/Main.storyboard; sourceTree = "<group>"; };
		84606BD32503F8FB0013BDDF /* Assets.xcassets */ = {isa = PBXFileReference; lastKnownFileType = folder.assetcatalog; path = Assets.xcassets; sourceTree = "<group>"; };
		84606BD62503F8FB0013BDDF /* Base */ = {isa = PBXFileReference; lastKnownFileType = file.storyboard; name = Base; path = Base.lproj/LaunchScreen.storyboard; sourceTree = "<group>"; };
		84606BD82503F8FB0013BDDF /* Info.plist */ = {isa = PBXFileReference; lastKnownFileType = text.plist.xml; path = Info.plist; sourceTree = "<group>"; };
		84606BDD2503F8FC0013BDDF /* TinderCloneTests.xctest */ = {isa = PBXFileReference; explicitFileType = wrapper.cfbundle; includeInIndex = 0; path = TinderCloneTests.xctest; sourceTree = BUILT_PRODUCTS_DIR; };
		84606BE12503F8FC0013BDDF /* TinderCloneTests.swift */ = {isa = PBXFileReference; lastKnownFileType = sourcecode.swift; path = TinderCloneTests.swift; sourceTree = "<group>"; };
		84606BE32503F8FC0013BDDF /* Info.plist */ = {isa = PBXFileReference; lastKnownFileType = text.plist.xml; path = Info.plist; sourceTree = "<group>"; };
		8460942F250493A4008CF3B1 /* LaunchScreenViewController.swift */ = {isa = PBXFileReference; lastKnownFileType = sourcecode.swift; path = LaunchScreenViewController.swift; sourceTree = "<group>"; };
/* End PBXFileReference section */

/* Begin PBXFrameworksBuildPhase section */
		84606BC42503F8FB0013BDDF /* Frameworks */ = {
			isa = PBXFrameworksBuildPhase;
			buildActionMask = 2147483647;
			files = (
			);
			runOnlyForDeploymentPostprocessing = 0;
		};
		84606BDA2503F8FC0013BDDF /* Frameworks */ = {
			isa = PBXFrameworksBuildPhase;
			buildActionMask = 2147483647;
			files = (
			);
			runOnlyForDeploymentPostprocessing = 0;
		};
/* End PBXFrameworksBuildPhase section */

/* Begin PBXGroup section */
		84606BBE2503F8FB0013BDDF = {
			isa = PBXGroup;
			children = (
				84606BC92503F8FB0013BDDF /* TinderClone */,
				84606BE02503F8FC0013BDDF /* TinderCloneTests */,
				84606BC82503F8FB0013BDDF /* Products */,
			);
			sourceTree = "<group>";
		};
		84606BC82503F8FB0013BDDF /* Products */ = {
			isa = PBXGroup;
			children = (
				84606BC72503F8FB0013BDDF /* TinderClone.app */,
				84606BDD2503F8FC0013BDDF /* TinderCloneTests.xctest */,
			);
			name = Products;
			sourceTree = "<group>";
		};
		84606BC92503F8FB0013BDDF /* TinderClone */ = {
			isa = PBXGroup;
			children = (
				8460942D25047EE7008CF3B1 /* Domain */,
				8460942C25047EE0008CF3B1 /* Utils */,
				8460942B25047ED4008CF3B1 /* Platform */,
				8460942A25047E96008CF3B1 /* Scences */,
				84606BCA2503F8FB0013BDDF /* AppDelegate.swift */,
				84606BCC2503F8FB0013BDDF /* SceneDelegate.swift */,
				84606BCE2503F8FB0013BDDF /* ViewController.swift */,
				84606BD02503F8FB0013BDDF /* Main.storyboard */,
				84606BD32503F8FB0013BDDF /* Assets.xcassets */,
				84606BD52503F8FB0013BDDF /* LaunchScreen.storyboard */,
				84606BD82503F8FB0013BDDF /* Info.plist */,
			);
			path = TinderClone;
			sourceTree = "<group>";
		};
		84606BE02503F8FC0013BDDF /* TinderCloneTests */ = {
			isa = PBXGroup;
			children = (
				84606BE12503F8FC0013BDDF /* TinderCloneTests.swift */,
				84606BE32503F8FC0013BDDF /* Info.plist */,
			);
			path = TinderCloneTests;
			sourceTree = "<group>";
		};
		8460942A25047E96008CF3B1 /* Scences */ = {
			isa = PBXGroup;
			children = (
				8460942E2504938F008CF3B1 /* LaunchScreen */,
			);
			path = Scences;
			sourceTree = "<group>";
		};
		8460942B25047ED4008CF3B1 /* Platform */ = {
			isa = PBXGroup;
			children = (
			);
			path = Platform;
			sourceTree = "<group>";
		};
		8460942C25047EE0008CF3B1 /* Utils */ = {
			isa = PBXGroup;
			children = (
			);
			path = Utils;
			sourceTree = "<group>";
		};
		8460942D25047EE7008CF3B1 /* Domain */ = {
			isa = PBXGroup;
			children = (
			);
			path = Domain;
			sourceTree = "<group>";
		};
		8460942E2504938F008CF3B1 /* LaunchScreen */ = {
			isa = PBXGroup;
			children = (
				8460942F250493A4008CF3B1 /* LaunchScreenViewController.swift */,
			);
			path = LaunchScreen;
			sourceTree = "<group>";
		};
/* End PBXGroup section */

/* Begin PBXNativeTarget section */
		84606BC62503F8FB0013BDDF /* TinderClone */ = {
			isa = PBXNativeTarget;
			buildConfigurationList = 84606BE62503F8FC0013BDDF /* Build configuration list for PBXNativeTarget "TinderClone" */;
			buildPhases = (
				84606BC32503F8FB0013BDDF /* Sources */,
				84606BC42503F8FB0013BDDF /* Frameworks */,
				84606BC52503F8FB0013BDDF /* Resources */,
			);
			buildRules = (
			);
			dependencies = (
			);
			name = TinderClone;
			productName = TinderClone;
			productReference = 84606BC72503F8FB0013BDDF /* TinderClone.app */;
			productType = "com.apple.product-type.application";
		};
		84606BDC2503F8FC0013BDDF /* TinderCloneTests */ = {
			isa = PBXNativeTarget;
			buildConfigurationList = 84606BE92503F8FC0013BDDF /* Build configuration list for PBXNativeTarget "TinderCloneTests" */;
			buildPhases = (
				84606BD92503F8FC0013BDDF /* Sources */,
				84606BDA2503F8FC0013BDDF /* Frameworks */,
				84606BDB2503F8FC0013BDDF /* Resources */,
			);
			buildRules = (
			);
			dependencies = (
				84606BDF2503F8FC0013BDDF /* PBXTargetDependency */,
			);
			name = TinderCloneTests;
			productName = TinderCloneTests;
			productReference = 84606BDD2503F8FC0013BDDF /* TinderCloneTests.xctest */;
			productType = "com.apple.product-type.bundle.unit-test";
		};
/* End PBXNativeTarget section */

/* Begin PBXProject section */
		84606BBF2503F8FB0013BDDF /* Project object */ = {
			isa = PBXProject;
			attributes = {
				LastSwiftUpdateCheck = 1160;
				LastUpgradeCheck = 1160;
				ORGANIZATIONNAME = HieuPM;
				TargetAttributes = {
					84606BC62503F8FB0013BDDF = {
						CreatedOnToolsVersion = 11.6;
					};
					84606BDC2503F8FC0013BDDF = {
						CreatedOnToolsVersion = 11.6;
						TestTargetID = 84606BC62503F8FB0013BDDF;
					};
				};
			};
			buildConfigurationList = 84606BC22503F8FB0013BDDF /* Build configuration list for PBXProject "TinderClone" */;
			compatibilityVersion = "Xcode 9.3";
			developmentRegion = en;
			hasScannedForEncodings = 0;
			knownRegions = (
				en,
				Base,
			);
			mainGroup = 84606BBE2503F8FB0013BDDF;
			productRefGroup = 84606BC82503F8FB0013BDDF /* Products */;
			projectDirPath = "";
			projectRoot = "";
			targets = (
				84606BC62503F8FB0013BDDF /* TinderClone */,
				84606BDC2503F8FC0013BDDF /* TinderCloneTests */,
			);
		};
/* End PBXProject section */

/* Begin PBXResourcesBuildPhase section */
		84606BC52503F8FB0013BDDF /* Resources */ = {
			isa = PBXResourcesBuildPhase;
			buildActionMask = 2147483647;
			files = (
				84606BD72503F8FB0013BDDF /* LaunchScreen.storyboard in Resources */,
				84606BD42503F8FB0013BDDF /* Assets.xcassets in Resources */,
				84606BD22503F8FB0013BDDF /* Main.storyboard in Resources */,
			);
			runOnlyForDeploymentPostprocessing = 0;
		};
		84606BDB2503F8FC0013BDDF /* Resources */ = {
			isa = PBXResourcesBuildPhase;
			buildActionMask = 2147483647;
			files = (
			);
			runOnlyForDeploymentPostprocessing = 0;
		};
/* End PBXResourcesBuildPhase section */

/* Begin PBXSourcesBuildPhase section */
		84606BC32503F8FB0013BDDF /* Sources */ = {
			isa = PBXSourcesBuildPhase;
			buildActionMask = 2147483647;
			files = (
				84606BCF2503F8FB0013BDDF /* ViewController.swift in Sources */,
				84606BCB2503F8FB0013BDDF /* AppDelegate.swift in Sources */,
				84609430250493A4008CF3B1 /* LaunchScreenViewController.swift in Sources */,
				84606BCD2503F8FB0013BDDF /* SceneDelegate.swift in Sources */,
			);
			runOnlyForDeploymentPostprocessing = 0;
		};
		84606BD92503F8FC0013BDDF /* Sources */ = {
			isa = PBXSourcesBuildPhase;
			buildActionMask = 2147483647;
			files = (
				84606BE22503F8FC0013BDDF /* TinderCloneTests.swift in Sources */,
			);
			runOnlyForDeploymentPostprocessing = 0;
		};
/* End PBXSourcesBuildPhase section */

/* Begin PBXTargetDependency section */
		84606BDF2503F8FC0013BDDF /* PBXTargetDependency */ = {
			isa = PBXTargetDependency;
			target = 84606BC62503F8FB0013BDDF /* TinderClone */;
			targetProxy = 84606BDE2503F8FC0013BDDF /* PBXContainerItemProxy */;
		};
/* End PBXTargetDependency section */

/* Begin PBXVariantGroup section */
		84606BD02503F8FB0013BDDF /* Main.storyboard */ = {
			isa = PBXVariantGroup;
			children = (
				84606BD12503F8FB0013BDDF /* Base */,
			);
			name = Main.storyboard;
			sourceTree = "<group>";
		};
		84606BD52503F8FB0013BDDF /* LaunchScreen.storyboard */ = {
			isa = PBXVariantGroup;
			children = (
				84606BD62503F8FB0013BDDF /* Base */,
			);
			name = LaunchScreen.storyboard;
			sourceTree = "<group>";
		};
/* End PBXVariantGroup section */

/* Begin XCBuildConfiguration section */
		84606BE42503F8FC0013BDDF /* Debug */ = {
			isa = XCBuildConfiguration;
			buildSettings = {
				ALWAYS_SEARCH_USER_PATHS = NO;
				CLANG_ANALYZER_NONNULL = YES;
				CLANG_ANALYZER_NUMBER_OBJECT_CONVERSION = YES_AGGRESSIVE;
				CLANG_CXX_LANGUAGE_STANDARD = "gnu++14";
				CLANG_CXX_LIBRARY = "libc++";
				CLANG_ENABLE_MODULES = YES;
				CLANG_ENABLE_OBJC_ARC = YES;
				CLANG_ENABLE_OBJC_WEAK = YES;
				CLANG_WARN_BLOCK_CAPTURE_AUTORELEASING = YES;
				CLANG_WARN_BOOL_CONVERSION = YES;
				CLANG_WARN_COMMA = YES;
				CLANG_WARN_CONSTANT_CONVERSION = YES;
				CLANG_WARN_DEPRECATED_OBJC_IMPLEMENTATIONS = YES;
				CLANG_WARN_DIRECT_OBJC_ISA_USAGE = YES_ERROR;
				CLANG_WARN_DOCUMENTATION_COMMENTS = YES;
				CLANG_WARN_EMPTY_BODY = YES;
				CLANG_WARN_ENUM_CONVERSION = YES;
				CLANG_WARN_INFINITE_RECURSION = YES;
				CLANG_WARN_INT_CONVERSION = YES;
				CLANG_WARN_NON_LITERAL_NULL_CONVERSION = YES;
				CLANG_WARN_OBJC_IMPLICIT_RETAIN_SELF = YES;
				CLANG_WARN_OBJC_LITERAL_CONVERSION = YES;
				CLANG_WARN_OBJC_ROOT_CLASS = YES_ERROR;
				CLANG_WARN_RANGE_LOOP_ANALYSIS = YES;
				CLANG_WARN_STRICT_PROTOTYPES = YES;
				CLANG_WARN_SUSPICIOUS_MOVE = YES;
				CLANG_WARN_UNGUARDED_AVAILABILITY = YES_AGGRESSIVE;
				CLANG_WARN_UNREACHABLE_CODE = YES;
				CLANG_WARN__DUPLICATE_METHOD_MATCH = YES;
				COPY_PHASE_STRIP = NO;
				DEBUG_INFORMATION_FORMAT = dwarf;
				ENABLE_STRICT_OBJC_MSGSEND = YES;
				ENABLE_TESTABILITY = YES;
				GCC_C_LANGUAGE_STANDARD = gnu11;
				GCC_DYNAMIC_NO_PIC = NO;
				GCC_NO_COMMON_BLOCKS = YES;
				GCC_OPTIMIZATION_LEVEL = 0;
				GCC_PREPROCESSOR_DEFINITIONS = (
					"DEBUG=1",
					"$(inherited)",
				);
				GCC_WARN_64_TO_32_BIT_CONVERSION = YES;
				GCC_WARN_ABOUT_RETURN_TYPE = YES_ERROR;
				GCC_WARN_UNDECLARED_SELECTOR = YES;
				GCC_WARN_UNINITIALIZED_AUTOS = YES_AGGRESSIVE;
				GCC_WARN_UNUSED_FUNCTION = YES;
				GCC_WARN_UNUSED_VARIABLE = YES;
				IPHONEOS_DEPLOYMENT_TARGET = 13.6;
				MTL_ENABLE_DEBUG_INFO = INCLUDE_SOURCE;
				MTL_FAST_MATH = YES;
				ONLY_ACTIVE_ARCH = YES;
				SDKROOT = iphoneos;
				SWIFT_ACTIVE_COMPILATION_CONDITIONS = DEBUG;
				SWIFT_OPTIMIZATION_LEVEL = "-Onone";
			};
			name = Debug;
		};
		84606BE52503F8FC0013BDDF /* Release */ = {
			isa = XCBuildConfiguration;
			buildSettings = {
				ALWAYS_SEARCH_USER_PATHS = NO;
				CLANG_ANALYZER_NONNULL = YES;
				CLANG_ANALYZER_NUMBER_OBJECT_CONVERSION = YES_AGGRESSIVE;
				CLANG_CXX_LANGUAGE_STANDARD = "gnu++14";
				CLANG_CXX_LIBRARY = "libc++";
				CLANG_ENABLE_MODULES = YES;
				CLANG_ENABLE_OBJC_ARC = YES;
				CLANG_ENABLE_OBJC_WEAK = YES;
				CLANG_WARN_BLOCK_CAPTURE_AUTORELEASING = YES;
				CLANG_WARN_BOOL_CONVERSION = YES;
				CLANG_WARN_COMMA = YES;
				CLANG_WARN_CONSTANT_CONVERSION = YES;
				CLANG_WARN_DEPRECATED_OBJC_IMPLEMENTATIONS = YES;
				CLANG_WARN_DIRECT_OBJC_ISA_USAGE = YES_ERROR;
				CLANG_WARN_DOCUMENTATION_COMMENTS = YES;
				CLANG_WARN_EMPTY_BODY = YES;
				CLANG_WARN_ENUM_CONVERSION = YES;
				CLANG_WARN_INFINITE_RECURSION = YES;
				CLANG_WARN_INT_CONVERSION = YES;
				CLANG_WARN_NON_LITERAL_NULL_CONVERSION = YES;
				CLANG_WARN_OBJC_IMPLICIT_RETAIN_SELF = YES;
				CLANG_WARN_OBJC_LITERAL_CONVERSION = YES;
				CLANG_WARN_OBJC_ROOT_CLASS = YES_ERROR;
				CLANG_WARN_RANGE_LOOP_ANALYSIS = YES;
				CLANG_WARN_STRICT_PROTOTYPES = YES;
				CLANG_WARN_SUSPICIOUS_MOVE = YES;
				CLANG_WARN_UNGUARDED_AVAILABILITY = YES_AGGRESSIVE;
				CLANG_WARN_UNREACHABLE_CODE = YES;
				CLANG_WARN__DUPLICATE_METHOD_MATCH = YES;
				COPY_PHASE_STRIP = NO;
				DEBUG_INFORMATION_FORMAT = "dwarf-with-dsym";
				ENABLE_NS_ASSERTIONS = NO;
				ENABLE_STRICT_OBJC_MSGSEND = YES;
				GCC_C_LANGUAGE_STANDARD = gnu11;
				GCC_NO_COMMON_BLOCKS = YES;
				GCC_WARN_64_TO_32_BIT_CONVERSION = YES;
				GCC_WARN_ABOUT_RETURN_TYPE = YES_ERROR;
				GCC_WARN_UNDECLARED_SELECTOR = YES;
				GCC_WARN_UNINITIALIZED_AUTOS = YES_AGGRESSIVE;
				GCC_WARN_UNUSED_FUNCTION = YES;
				GCC_WARN_UNUSED_VARIABLE = YES;
				IPHONEOS_DEPLOYMENT_TARGET = 13.6;
				MTL_ENABLE_DEBUG_INFO = NO;
				MTL_FAST_MATH = YES;
				SDKROOT = iphoneos;
				SWIFT_COMPILATION_MODE = wholemodule;
				SWIFT_OPTIMIZATION_LEVEL = "-O";
				VALIDATE_PRODUCT = YES;
			};
			name = Release;
		};
		84606BE72503F8FC0013BDDF /* Debug */ = {
			isa = XCBuildConfiguration;
			buildSettings = {
				ASSETCATALOG_COMPILER_APPICON_NAME = AppIcon;
				CODE_SIGN_STYLE = Automatic;
				DEVELOPMENT_TEAM = X5P7HK39AN;
				INFOPLIST_FILE = TinderClone/Info.plist;
				IPHONEOS_DEPLOYMENT_TARGET = 10.0;
				LD_RUNPATH_SEARCH_PATHS = (
					"$(inherited)",
					"@executable_path/Frameworks",
				);
				PRODUCT_BUNDLE_IDENTIFIER = com.hieupm.TinderClone;
				PRODUCT_NAME = "$(TARGET_NAME)";
				SWIFT_VERSION = 5.0;
				TARGETED_DEVICE_FAMILY = "1,2";
			};
			name = Debug;
		};
		84606BE82503F8FC0013BDDF /* Release */ = {
			isa = XCBuildConfiguration;
			buildSettings = {
				ASSETCATALOG_COMPILER_APPICON_NAME = AppIcon;
				CODE_SIGN_STYLE = Automatic;
				DEVELOPMENT_TEAM = X5P7HK39AN;
				INFOPLIST_FILE = TinderClone/Info.plist;
				IPHONEOS_DEPLOYMENT_TARGET = 10.0;
				LD_RUNPATH_SEARCH_PATHS = (
					"$(inherited)",
					"@executable_path/Frameworks",
				);
				PRODUCT_BUNDLE_IDENTIFIER = com.hieupm.TinderClone;
				PRODUCT_NAME = "$(TARGET_NAME)";
				SWIFT_VERSION = 5.0;
				TARGETED_DEVICE_FAMILY = "1,2";
			};
			name = Release;
		};
		84606BEA2503F8FC0013BDDF /* Debug */ = {
			isa = XCBuildConfiguration;
			buildSettings = {
				ALWAYS_EMBED_SWIFT_STANDARD_LIBRARIES = YES;
				BUNDLE_LOADER = "$(TEST_HOST)";
				CODE_SIGN_STYLE = Automatic;
				DEVELOPMENT_TEAM = X5P7HK39AN;
				INFOPLIST_FILE = TinderCloneTests/Info.plist;
				IPHONEOS_DEPLOYMENT_TARGET = 13.6;
				LD_RUNPATH_SEARCH_PATHS = (
					"$(inherited)",
					"@executable_path/Frameworks",
					"@loader_path/Frameworks",
				);
				PRODUCT_BUNDLE_IDENTIFIER = com.hieupm.TinderCloneTests;
				PRODUCT_NAME = "$(TARGET_NAME)";
				SWIFT_VERSION = 5.0;
				TARGETED_DEVICE_FAMILY = "1,2";
				TEST_HOST = "$(BUILT_PRODUCTS_DIR)/TinderClone.app/TinderClone";
			};
			name = Debug;
		};
		84606BEB2503F8FC0013BDDF /* Release */ = {
			isa = XCBuildConfiguration;
			buildSettings = {
				ALWAYS_EMBED_SWIFT_STANDARD_LIBRARIES = YES;
				BUNDLE_LOADER = "$(TEST_HOST)";
				CODE_SIGN_STYLE = Automatic;
				DEVELOPMENT_TEAM = X5P7HK39AN;
				INFOPLIST_FILE = TinderCloneTests/Info.plist;
				IPHONEOS_DEPLOYMENT_TARGET = 13.6;
				LD_RUNPATH_SEARCH_PATHS = (
					"$(inherited)",
					"@executable_path/Frameworks",
					"@loader_path/Frameworks",
				);
				PRODUCT_BUNDLE_IDENTIFIER = com.hieupm.TinderCloneTests;
				PRODUCT_NAME = "$(TARGET_NAME)";
				SWIFT_VERSION = 5.0;
				TARGETED_DEVICE_FAMILY = "1,2";
				TEST_HOST = "$(BUILT_PRODUCTS_DIR)/TinderClone.app/TinderClone";
			};
			name = Release;
		};
/* End XCBuildConfiguration section */

/* Begin XCConfigurationList section */
		84606BC22503F8FB0013BDDF /* Build configuration list for PBXProject "TinderClone" */ = {
			isa = XCConfigurationList;
			buildConfigurations = (
				84606BE42503F8FC0013BDDF /* Debug */,
				84606BE52503F8FC0013BDDF /* Release */,
			);
			defaultConfigurationIsVisible = 0;
			defaultConfigurationName = Release;
		};
		84606BE62503F8FC0013BDDF /* Build configuration list for PBXNativeTarget "TinderClone" */ = {
			isa = XCConfigurationList;
			buildConfigurations = (
				84606BE72503F8FC0013BDDF /* Debug */,
				84606BE82503F8FC0013BDDF /* Release */,
			);
			defaultConfigurationIsVisible = 0;
			defaultConfigurationName = Release;
		};
		84606BE92503F8FC0013BDDF /* Build configuration list for PBXNativeTarget "TinderCloneTests" */ = {
			isa = XCConfigurationList;
			buildConfigurations = (
				84606BEA2503F8FC0013BDDF /* Debug */,
				84606BEB2503F8FC0013BDDF /* Release */,
			);
			defaultConfigurationIsVisible = 0;
			defaultConfigurationName = Release;
		};
/* End XCConfigurationList section */
	};
	rootObject = 84606BBF2503F8FB0013BDDF /* Project object */;
}
